
Microsoft Visual Studio Solution File, Format Version 12.00
# Visual Studio Version 17
VisualStudioVersion = 17.2.32526.322
MinimumVisualStudioVersion = 10.0.40219.1
Project("{FAE04EC0-301F-11D3-BF4B-00C04F79EFBC}") = "NorthwindApp", "NorthwindApp\NorthwindApp.csproj", "{DB78822F-7A9D-486D-B568-AE5DA12C408D}"
EndProject
Global
	GlobalSection(SolutionConfigurationPlatforms) = preSolution
		Debug|Any CPU = Debug|Any CPU
		Release|Any CPU = Release|Any CPU
	EndGlobalSection
	GlobalSection(ProjectConfigurationPlatforms) = postSolution
		{DB78822F-7A9D-486D-B568-AE5DA12C408D}.Debug|Any CPU.ActiveCfg = Debug|Any CPU
		{DB78822F-7A9D-486D-B568-AE5DA12C408D}.Debug|Any CPU.Build.0 = Debug|Any CPU
		{DB78822F-7A9D-486D-B568-AE5DA12C408D}.Release|Any CPU.ActiveCfg = Release|Any CPU
		{DB78822F-7A9D-486D-B568-AE5DA12C408D}.Release|Any CPU.Build.0 = Release|Any CPU
	EndGlobalSection
	GlobalSection(SolutionProperties) = preSolution
		HideSolutionNode = FALSE
	EndGlobalSection
	GlobalSection(ExtensibilityGlobals) = postSolution
		SolutionGuid = {97DEA692-B5D6-4AFA-ACCE-B60C5B58AE44}
	EndGlobalSection
EndGlobal
